
Microsoft Visual Studio Solution File, Format Version 12.00
# Visual Studio Version 17
VisualStudioVersion = 17.10.35122.118
MinimumVisualStudioVersion = 10.0.40219.1
Project("{9A19103F-16F7-4668-BE54-9A1E7A4F7556}") = "Main", "Main\Main.csproj", "{BD333B13-F73A-4A81-909F-65C402EA66D9}"
EndProject
Project("{2150E333-8FDC-42A3-9474-1A3956D46DE8}") = "Tests", "Tests", "{EAE34BF1-5445-4F6B-A1AC-38FEAD6D9003}"
EndProject
Project("{9A19103F-16F7-4668-BE54-9A1E7A4F7556}") = "UnitTests", "Tests\UnitTests\UnitTests.csproj", "{E338FC9B-E881-4D03-A743-750151B03A93}"
EndProject
Project("{9A19103F-16F7-4668-BE54-9A1E7A4F7556}") = "BookingModule", "Modules\BookingModule\BookingModule.csproj", "{EAFC0862-615C-4124-A99D-3C0996D8BBCB}"
EndProject
Project("{9A19103F-16F7-4668-BE54-9A1E7A4F7556}") = "CommonModule.Repositories", "Modules\CommonModule.Repositories\CommonModule.Repositories.csproj", "{DEE6F0FC-80E7-4A55-8D90-0A13C1B37A52}"
EndProject
Project("{9A19103F-16F7-4668-BE54-9A1E7A4F7556}") = "CommonModule.Factories", "Modules\CommonModule.Factories\CommonModule.Factories.csproj", "{5C553D3E-E84F-4841-B947-5D3FB0E9F42E}"
EndProject
Project("{9A19103F-16F7-4668-BE54-9A1E7A4F7556}") = "CommonModule.Helpers", "Modules\CommonModule.Helpers\CommonModule.Helpers.csproj", "{0696C373-9C2F-42D6-BF78-99F95C22D41C}"
EndProject
Project("{9A19103F-16F7-4668-BE54-9A1E7A4F7556}") = "CommonModule.Commands", "Modules\CommonModule.Commands\CommonModule.Commands.csproj", "{4294C0D4-6ADF-4374-AE82-B17C0DA191A5}"
EndProject
Project("{9A19103F-16F7-4668-BE54-9A1E7A4F7556}") = "CommonModule", "Modules\CommonModule\CommonModule.csproj", "{3FB01088-4B7D-4C22-81CA-B2499E77B8FB}"
EndProject
Project("{2150E333-8FDC-42A3-9474-1A3956D46DE8}") = "Modules", "Modules", "{4574AB7B-B06E-4AE5-AB61-6C377F88CB43}"
EndProject
Project("{FAE04EC0-301F-11D3-BF4B-00C04F79EFBC}") = "CommonModule.DataProviders", "CommonModule.DataProviders\CommonModule.DataProviders.csproj", "{582C0616-62DD-4E00-805C-E951F082DA9E}"
EndProject
Global
	GlobalSection(SolutionConfigurationPlatforms) = preSolution
		Debug|Any CPU = Debug|Any CPU
		Release|Any CPU = Release|Any CPU
	EndGlobalSection
	GlobalSection(ProjectConfigurationPlatforms) = postSolution
		{BD333B13-F73A-4A81-909F-65C402EA66D9}.Debug|Any CPU.ActiveCfg = Debug|Any CPU
		{BD333B13-F73A-4A81-909F-65C402EA66D9}.Debug|Any CPU.Build.0 = Debug|Any CPU
		{BD333B13-F73A-4A81-909F-65C402EA66D9}.Release|Any CPU.ActiveCfg = Release|Any CPU
		{BD333B13-F73A-4A81-909F-65C402EA66D9}.Release|Any CPU.Build.0 = Release|Any CPU
		{E338FC9B-E881-4D03-A743-750151B03A93}.Debug|Any CPU.ActiveCfg = Debug|Any CPU
		{E338FC9B-E881-4D03-A743-750151B03A93}.Debug|Any CPU.Build.0 = Debug|Any CPU
		{E338FC9B-E881-4D03-A743-750151B03A93}.Release|Any CPU.ActiveCfg = Release|Any CPU
		{E338FC9B-E881-4D03-A743-750151B03A93}.Release|Any CPU.Build.0 = Release|Any CPU
		{EAFC0862-615C-4124-A99D-3C0996D8BBCB}.Debug|Any CPU.ActiveCfg = Debug|Any CPU
		{EAFC0862-615C-4124-A99D-3C0996D8BBCB}.Debug|Any CPU.Build.0 = Debug|Any CPU
		{EAFC0862-615C-4124-A99D-3C0996D8BBCB}.Release|Any CPU.ActiveCfg = Release|Any CPU
		{EAFC0862-615C-4124-A99D-3C0996D8BBCB}.Release|Any CPU.Build.0 = Release|Any CPU
		{DEE6F0FC-80E7-4A55-8D90-0A13C1B37A52}.Debug|Any CPU.ActiveCfg = Debug|Any CPU
		{DEE6F0FC-80E7-4A55-8D90-0A13C1B37A52}.Debug|Any CPU.Build.0 = Debug|Any CPU
		{DEE6F0FC-80E7-4A55-8D90-0A13C1B37A52}.Release|Any CPU.ActiveCfg = Release|Any CPU
		{DEE6F0FC-80E7-4A55-8D90-0A13C1B37A52}.Release|Any CPU.Build.0 = Release|Any CPU
		{5C553D3E-E84F-4841-B947-5D3FB0E9F42E}.Debug|Any CPU.ActiveCfg = Debug|Any CPU
		{5C553D3E-E84F-4841-B947-5D3FB0E9F42E}.Debug|Any CPU.Build.0 = Debug|Any CPU
		{5C553D3E-E84F-4841-B947-5D3FB0E9F42E}.Release|Any CPU.ActiveCfg = Release|Any CPU
		{5C553D3E-E84F-4841-B947-5D3FB0E9F42E}.Release|Any CPU.Build.0 = Release|Any CPU
		{0696C373-9C2F-42D6-BF78-99F95C22D41C}.Debug|Any CPU.ActiveCfg = Debug|Any CPU
		{0696C373-9C2F-42D6-BF78-99F95C22D41C}.Debug|Any CPU.Build.0 = Debug|Any CPU
		{0696C373-9C2F-42D6-BF78-99F95C22D41C}.Release|Any CPU.ActiveCfg = Release|Any CPU
		{0696C373-9C2F-42D6-BF78-99F95C22D41C}.Release|Any CPU.Build.0 = Release|Any CPU
		{4294C0D4-6ADF-4374-AE82-B17C0DA191A5}.Debug|Any CPU.ActiveCfg = Debug|Any CPU
		{4294C0D4-6ADF-4374-AE82-B17C0DA191A5}.Debug|Any CPU.Build.0 = Debug|Any CPU
		{4294C0D4-6ADF-4374-AE82-B17C0DA191A5}.Release|Any CPU.ActiveCfg = Release|Any CPU
		{4294C0D4-6ADF-4374-AE82-B17C0DA191A5}.Release|Any CPU.Build.0 = Release|Any CPU
		{3FB01088-4B7D-4C22-81CA-B2499E77B8FB}.Debug|Any CPU.ActiveCfg = Debug|Any CPU
		{3FB01088-4B7D-4C22-81CA-B2499E77B8FB}.Debug|Any CPU.Build.0 = Debug|Any CPU
		{3FB01088-4B7D-4C22-81CA-B2499E77B8FB}.Release|Any CPU.ActiveCfg = Release|Any CPU
		{3FB01088-4B7D-4C22-81CA-B2499E77B8FB}.Release|Any CPU.Build.0 = Release|Any CPU
		{582C0616-62DD-4E00-805C-E951F082DA9E}.Debug|Any CPU.ActiveCfg = Debug|Any CPU
		{582C0616-62DD-4E00-805C-E951F082DA9E}.Debug|Any CPU.Build.0 = Debug|Any CPU
		{582C0616-62DD-4E00-805C-E951F082DA9E}.Release|Any CPU.ActiveCfg = Release|Any CPU
		{582C0616-62DD-4E00-805C-E951F082DA9E}.Release|Any CPU.Build.0 = Release|Any CPU
	EndGlobalSection
	GlobalSection(SolutionProperties) = preSolution
		HideSolutionNode = FALSE
	EndGlobalSection
	GlobalSection(NestedProjects) = preSolution
		{E338FC9B-E881-4D03-A743-750151B03A93} = {EAE34BF1-5445-4F6B-A1AC-38FEAD6D9003}
		{EAFC0862-615C-4124-A99D-3C0996D8BBCB} = {4574AB7B-B06E-4AE5-AB61-6C377F88CB43}
		{DEE6F0FC-80E7-4A55-8D90-0A13C1B37A52} = {4574AB7B-B06E-4AE5-AB61-6C377F88CB43}
		{5C553D3E-E84F-4841-B947-5D3FB0E9F42E} = {4574AB7B-B06E-4AE5-AB61-6C377F88CB43}
		{0696C373-9C2F-42D6-BF78-99F95C22D41C} = {4574AB7B-B06E-4AE5-AB61-6C377F88CB43}
		{4294C0D4-6ADF-4374-AE82-B17C0DA191A5} = {4574AB7B-B06E-4AE5-AB61-6C377F88CB43}
		{3FB01088-4B7D-4C22-81CA-B2499E77B8FB} = {4574AB7B-B06E-4AE5-AB61-6C377F88CB43}
		{582C0616-62DD-4E00-805C-E951F082DA9E} = {4574AB7B-B06E-4AE5-AB61-6C377F88CB43}
	EndGlobalSection
	GlobalSection(ExtensibilityGlobals) = postSolution
		SolutionGuid = {45BB596B-6E64-4FAF-AE3F-41D9057A76D9}
	EndGlobalSection
EndGlobal
