
Microsoft Visual Studio Solution File, Format Version 12.00
# Visual Studio Version 17
VisualStudioVersion = 17.10.35122.118
MinimumVisualStudioVersion = 10.0.40219.1
Project("{9A19103F-16F7-4668-BE54-9A1E7A4F7556}") = "Main", "Main\Main.csproj", "{BD333B13-F73A-4A81-909F-65C402EA66D9}"
EndProject
Project("{2150E333-8FDC-42A3-9474-1A3956D46DE8}") = "Core", "Core", "{727394FF-ED00-4372-99F9-130F718A3523}"
EndProject
Project("{2150E333-8FDC-42A3-9474-1A3956D46DE8}") = "Commands", "Commands", "{1D8938C8-04BA-45EA-A168-3EB377558818}"
EndProject
Project("{9A19103F-16F7-4668-BE54-9A1E7A4F7556}") = "Commands", "Commands\Commands.csproj", "{40CFC2FF-CD4B-48EA-B6E3-8D95DC032128}"
EndProject
Project("{2150E333-8FDC-42A3-9474-1A3956D46DE8}") = "Utils", "Utils", "{2B35DBE2-EE10-4C61-B81E-9C3D8AA7BB17}"
EndProject
Project("{9A19103F-16F7-4668-BE54-9A1E7A4F7556}") = "Utils", "Utils\Utils.csproj", "{84D3B97C-C1BF-4CA8-95EC-A598E7ABB85A}"
EndProject
Project("{2150E333-8FDC-42A3-9474-1A3956D46DE8}") = "Tests", "Tests", "{EAE34BF1-5445-4F6B-A1AC-38FEAD6D9003}"
EndProject
Project("{2150E333-8FDC-42A3-9474-1A3956D46DE8}") = "UnitTests", "UnitTests", "{5B592205-82FD-40C2-889D-EB8F99A17371}"
EndProject
Project("{9A19103F-16F7-4668-BE54-9A1E7A4F7556}") = "RepositoriesTests", "Tests\UnitTests\RepositoriesTests\RepositoriesTests.csproj", "{03F44024-AD70-4C51-9AE0-8905B5099AAB}"
EndProject
Project("{9A19103F-16F7-4668-BE54-9A1E7A4F7556}") = "ServicesTests", "Tests\UnitTests\ServicesTests\ServicesTests.csproj", "{B007DA6A-2FFC-4411-AB3D-E1A43160677C}"
EndProject
Project("{9A19103F-16F7-4668-BE54-9A1E7A4F7556}") = "CommandsTests", "Tests\UnitTests\CommandsTests\CommandsTests.csproj", "{82D62681-EEF3-43FF-BC0D-56E5758DD9D9}"
EndProject
Project("{9A19103F-16F7-4668-BE54-9A1E7A4F7556}") = "InfrastructureTests", "Tests\UnitTests\InfrastructureTests\InfrastructureTests.csproj", "{DC2A5D82-8229-4C3F-AF6B-E457783977BE}"
EndProject
Project("{9A19103F-16F7-4668-BE54-9A1E7A4F7556}") = "Repositories", "Core\Repositories\Repositories.csproj", "{5893BB0E-0658-49F8-9E17-33684DD5745E}"
EndProject
Project("{9A19103F-16F7-4668-BE54-9A1E7A4F7556}") = "Services", "Core\Services\Services.csproj", "{02FAD745-0088-4DF1-B7C7-EBC78B103CAA}"
EndProject
Project("{FAE04EC0-301F-11D3-BF4B-00C04F79EFBC}") = "Models", "Core\Models\Models.csproj", "{79C3E8A0-9EEF-4483-9830-B3A2957B80C1}"
EndProject
Global
	GlobalSection(SolutionConfigurationPlatforms) = preSolution
		Debug|Any CPU = Debug|Any CPU
		Release|Any CPU = Release|Any CPU
	EndGlobalSection
	GlobalSection(ProjectConfigurationPlatforms) = postSolution
		{BD333B13-F73A-4A81-909F-65C402EA66D9}.Debug|Any CPU.ActiveCfg = Debug|Any CPU
		{BD333B13-F73A-4A81-909F-65C402EA66D9}.Debug|Any CPU.Build.0 = Debug|Any CPU
		{BD333B13-F73A-4A81-909F-65C402EA66D9}.Release|Any CPU.ActiveCfg = Release|Any CPU
		{BD333B13-F73A-4A81-909F-65C402EA66D9}.Release|Any CPU.Build.0 = Release|Any CPU
		{40CFC2FF-CD4B-48EA-B6E3-8D95DC032128}.Debug|Any CPU.ActiveCfg = Debug|Any CPU
		{40CFC2FF-CD4B-48EA-B6E3-8D95DC032128}.Debug|Any CPU.Build.0 = Debug|Any CPU
		{40CFC2FF-CD4B-48EA-B6E3-8D95DC032128}.Release|Any CPU.ActiveCfg = Release|Any CPU
		{40CFC2FF-CD4B-48EA-B6E3-8D95DC032128}.Release|Any CPU.Build.0 = Release|Any CPU
		{84D3B97C-C1BF-4CA8-95EC-A598E7ABB85A}.Debug|Any CPU.ActiveCfg = Debug|Any CPU
		{84D3B97C-C1BF-4CA8-95EC-A598E7ABB85A}.Debug|Any CPU.Build.0 = Debug|Any CPU
		{84D3B97C-C1BF-4CA8-95EC-A598E7ABB85A}.Release|Any CPU.ActiveCfg = Release|Any CPU
		{84D3B97C-C1BF-4CA8-95EC-A598E7ABB85A}.Release|Any CPU.Build.0 = Release|Any CPU
		{03F44024-AD70-4C51-9AE0-8905B5099AAB}.Debug|Any CPU.ActiveCfg = Debug|Any CPU
		{03F44024-AD70-4C51-9AE0-8905B5099AAB}.Debug|Any CPU.Build.0 = Debug|Any CPU
		{03F44024-AD70-4C51-9AE0-8905B5099AAB}.Release|Any CPU.ActiveCfg = Release|Any CPU
		{03F44024-AD70-4C51-9AE0-8905B5099AAB}.Release|Any CPU.Build.0 = Release|Any CPU
		{B007DA6A-2FFC-4411-AB3D-E1A43160677C}.Debug|Any CPU.ActiveCfg = Debug|Any CPU
		{B007DA6A-2FFC-4411-AB3D-E1A43160677C}.Debug|Any CPU.Build.0 = Debug|Any CPU
		{B007DA6A-2FFC-4411-AB3D-E1A43160677C}.Release|Any CPU.ActiveCfg = Release|Any CPU
		{B007DA6A-2FFC-4411-AB3D-E1A43160677C}.Release|Any CPU.Build.0 = Release|Any CPU
		{82D62681-EEF3-43FF-BC0D-56E5758DD9D9}.Debug|Any CPU.ActiveCfg = Debug|Any CPU
		{82D62681-EEF3-43FF-BC0D-56E5758DD9D9}.Debug|Any CPU.Build.0 = Debug|Any CPU
		{82D62681-EEF3-43FF-BC0D-56E5758DD9D9}.Release|Any CPU.ActiveCfg = Release|Any CPU
		{82D62681-EEF3-43FF-BC0D-56E5758DD9D9}.Release|Any CPU.Build.0 = Release|Any CPU
		{DC2A5D82-8229-4C3F-AF6B-E457783977BE}.Debug|Any CPU.ActiveCfg = Debug|Any CPU
		{DC2A5D82-8229-4C3F-AF6B-E457783977BE}.Debug|Any CPU.Build.0 = Debug|Any CPU
		{DC2A5D82-8229-4C3F-AF6B-E457783977BE}.Release|Any CPU.ActiveCfg = Release|Any CPU
		{DC2A5D82-8229-4C3F-AF6B-E457783977BE}.Release|Any CPU.Build.0 = Release|Any CPU
		{F02E607E-18CC-46EB-BCE1-BFD557B1EF79}.Debug|Any CPU.ActiveCfg = Debug|Any CPU
		{F02E607E-18CC-46EB-BCE1-BFD557B1EF79}.Debug|Any CPU.Build.0 = Debug|Any CPU
		{F02E607E-18CC-46EB-BCE1-BFD557B1EF79}.Release|Any CPU.ActiveCfg = Release|Any CPU
		{F02E607E-18CC-46EB-BCE1-BFD557B1EF79}.Release|Any CPU.Build.0 = Release|Any CPU
		{5893BB0E-0658-49F8-9E17-33684DD5745E}.Debug|Any CPU.ActiveCfg = Debug|Any CPU
		{5893BB0E-0658-49F8-9E17-33684DD5745E}.Debug|Any CPU.Build.0 = Debug|Any CPU
		{5893BB0E-0658-49F8-9E17-33684DD5745E}.Release|Any CPU.ActiveCfg = Release|Any CPU
		{5893BB0E-0658-49F8-9E17-33684DD5745E}.Release|Any CPU.Build.0 = Release|Any CPU
		{02FAD745-0088-4DF1-B7C7-EBC78B103CAA}.Debug|Any CPU.ActiveCfg = Debug|Any CPU
		{02FAD745-0088-4DF1-B7C7-EBC78B103CAA}.Debug|Any CPU.Build.0 = Debug|Any CPU
		{02FAD745-0088-4DF1-B7C7-EBC78B103CAA}.Release|Any CPU.ActiveCfg = Release|Any CPU
		{02FAD745-0088-4DF1-B7C7-EBC78B103CAA}.Release|Any CPU.Build.0 = Release|Any CPU
		{79C3E8A0-9EEF-4483-9830-B3A2957B80C1}.Debug|Any CPU.ActiveCfg = Debug|Any CPU
		{79C3E8A0-9EEF-4483-9830-B3A2957B80C1}.Debug|Any CPU.Build.0 = Debug|Any CPU
		{79C3E8A0-9EEF-4483-9830-B3A2957B80C1}.Release|Any CPU.ActiveCfg = Release|Any CPU
		{79C3E8A0-9EEF-4483-9830-B3A2957B80C1}.Release|Any CPU.Build.0 = Release|Any CPU
	EndGlobalSection
	GlobalSection(SolutionProperties) = preSolution
		HideSolutionNode = FALSE
	EndGlobalSection
	GlobalSection(NestedProjects) = preSolution
		{40CFC2FF-CD4B-48EA-B6E3-8D95DC032128} = {1D8938C8-04BA-45EA-A168-3EB377558818}
		{84D3B97C-C1BF-4CA8-95EC-A598E7ABB85A} = {2B35DBE2-EE10-4C61-B81E-9C3D8AA7BB17}
		{5B592205-82FD-40C2-889D-EB8F99A17371} = {EAE34BF1-5445-4F6B-A1AC-38FEAD6D9003}
		{03F44024-AD70-4C51-9AE0-8905B5099AAB} = {5B592205-82FD-40C2-889D-EB8F99A17371}
		{B007DA6A-2FFC-4411-AB3D-E1A43160677C} = {5B592205-82FD-40C2-889D-EB8F99A17371}
		{82D62681-EEF3-43FF-BC0D-56E5758DD9D9} = {5B592205-82FD-40C2-889D-EB8F99A17371}
		{DC2A5D82-8229-4C3F-AF6B-E457783977BE} = {5B592205-82FD-40C2-889D-EB8F99A17371}
		{F02E607E-18CC-46EB-BCE1-BFD557B1EF79} = {727394FF-ED00-4372-99F9-130F718A3523}
		{5893BB0E-0658-49F8-9E17-33684DD5745E} = {727394FF-ED00-4372-99F9-130F718A3523}
		{02FAD745-0088-4DF1-B7C7-EBC78B103CAA} = {727394FF-ED00-4372-99F9-130F718A3523}
		{79C3E8A0-9EEF-4483-9830-B3A2957B80C1} = {727394FF-ED00-4372-99F9-130F718A3523}
	EndGlobalSection
	GlobalSection(ExtensibilityGlobals) = postSolution
		SolutionGuid = {45BB596B-6E64-4FAF-AE3F-41D9057A76D9}
	EndGlobalSection
EndGlobal
